<?xml version="1.0" encoding="utf-8"?>
<Project ToolsVersion="4.0" xmlns="http://schemas.microsoft.com/developer/msbuild/2003">
  <ItemGroup>
    <Filter Include="Source Files">
      <UniqueIdentifier>{4FC737F1-C7A5-4376-A066-2A32D752A2FF}</UniqueIdentifier>
      <Extensions>cpp;c;cc;cxx;c++;cppm;ixx;def;odl;idl;hpj;bat;asm;asmx</Extensions>
    </Filter>
    <Filter Include="Header Files">
      <UniqueIdentifier>{93995380-89BD-4b04-88EB-625FBE52EBFB}</UniqueIdentifier>
      <Extensions>h;hh;hpp;hxx;h++;hm;inl;inc;ipp;xsd</Extensions>
    </Filter>
    <Filter Include="Resource Files">
      <UniqueIdentifier>{67DA6AB6-F800-4c08-8B7A-83BB121AAD01}</UniqueIdentifier>
      <Extensions>rc;ico;cur;bmp;dlg;rc2;rct;bin;rgs;gif;jpg;jpeg;jpe;resx;tiff;tif;png;wav;mfcribbon-ms</Extensions>
    </Filter>
    <Filter Include="Source Files\casm">
      <UniqueIdentifier>{c282f664-9ead-4eda-8b4d-e4f08fdbe51d}</UniqueIdentifier>
    </Filter>
    <Filter Include="Header Files\casm">
      <UniqueIdentifier>{2f802743-eac8-40b2-9977-cae53d5abd7f}</UniqueIdentifier>
    </Filter>
    <Filter Include="Header Files\casm\enums">
      <UniqueIdentifier>{8eaaaf88-6356-4d5e-8f6f-ce8490a40021}</UniqueIdentifier>
    </Filter>
  </ItemGroup>
  <ItemGroup>
    <ClCompile Include="..\..\asm-test\asm-test.cpp">
      <Filter>Source Files</Filter>
    </ClCompile>
    <ClCompile Include="..\..\casm\x86-xsave.cpp">
      <Filter>Source Files\casm</Filter>
    </ClCompile>
    <ClCompile Include="..\..\casm\x86-wide-shift.cpp">
      <Filter>Source Files\casm</Filter>
    </ClCompile>
    <ClCompile Include="..\..\casm\x86-vex-prefix.cpp">
      <Filter>Source Files\casm</Filter>
    </ClCompile>
    <ClCompile Include="..\..\casm\x86-two-form-alu.cpp">
      <Filter>Source Files\casm</Filter>
    </ClCompile>
    <ClCompile Include="..\..\casm\x86-simple-instruction.cpp">
      <Filter>Source Files\casm</Filter>
    </ClCompile>
    <ClCompile Include="..\..\casm\x86-sib.cpp">
      <Filter>Source Files\casm</Filter>
    </ClCompile>
    <ClCompile Include="..\..\casm\x86-rex-byte.cpp">
      <Filter>Source Files\casm</Filter>
    </ClCompile>
    <ClCompile Include="..\..\casm\x86-return.cpp">
      <Filter>Source Files\casm</Filter>
    </ClCompile>
    <ClCompile Include="..\..\casm\x86-regs-simd.cpp">
      <Filter>Source Files\casm</Filter>
    </ClCompile>
    <ClCompile Include="..\..\casm\x86-regs-alu.cpp">
      <Filter>Source Files\casm</Filter>
    </ClCompile>
    <ClCompile Include="..\..\casm\x86-register-op.cpp">
      <Filter>Source Files\casm</Filter>
    </ClCompile>
    <ClCompile Include="..\..\casm\x86-register-map.cpp">
      <Filter>Source Files\casm</Filter>
    </ClCompile>
    <ClCompile Include="..\..\casm\x86-operand.cpp">
      <Filter>Source Files\casm</Filter>
    </ClCompile>
    <ClCompile Include="..\..\casm\x86-opcodes-sse41.cpp">
      <Filter>Source Files\casm</Filter>
    </ClCompile>
    <ClCompile Include="..\..\casm\x86-opcodes-sse3.cpp">
      <Filter>Source Files\casm</Filter>
    </ClCompile>
    <ClCompile Include="..\..\casm\x86-opcodes-sse2.cpp">
      <Filter>Source Files\casm</Filter>
    </ClCompile>
    <ClCompile Include="..\..\casm\x86-opcodes-sse.cpp">
      <Filter>Source Files\casm</Filter>
    </ClCompile>
    <ClCompile Include="..\..\casm\x86-opcodes-avx2.cpp">
      <Filter>Source Files\casm</Filter>
    </ClCompile>
    <ClCompile Include="..\..\casm\x86-opcodes-avx.cpp">
      <Filter>Source Files\casm</Filter>
    </ClCompile>
    <ClCompile Include="..\..\casm\x86-opcodes-alu.cpp">
      <Filter>Source Files\casm</Filter>
    </ClCompile>
    <ClCompile Include="..\..\casm\x86-opcode-map.cpp">
      <Filter>Source Files\casm</Filter>
    </ClCompile>
    <ClCompile Include="..\..\casm\x86-move.cpp">
      <Filter>Source Files\casm</Filter>
    </ClCompile>
    <ClCompile Include="..\..\casm\x86-modrm.cpp">
      <Filter>Source Files\casm</Filter>
    </ClCompile>
    <ClCompile Include="..\..\casm\x86-memory-op.cpp">
      <Filter>Source Files\casm</Filter>
    </ClCompile>
    <ClCompile Include="..\..\casm\x86-instruction.cpp">
      <Filter>Source Files\casm</Filter>
    </ClCompile>
    <ClCompile Include="..\..\casm\x86-immediate-op.cpp">
      <Filter>Source Files\casm</Filter>
    </ClCompile>
    <ClCompile Include="..\..\casm\x86-fence.cpp">
      <Filter>Source Files\casm</Filter>
    </ClCompile>
    <ClCompile Include="..\..\casm\x86-cpu-mode.cpp">
      <Filter>Source Files\casm</Filter>
    </ClCompile>
    <ClCompile Include="..\..\casm\x86-cond-jump.cpp">
      <Filter>Source Files\casm</Filter>
    </ClCompile>
    <ClCompile Include="..\..\casm\x86-cbw-variant.cpp">
      <Filter>Source Files\casm</Filter>
    </ClCompile>
    <ClCompile Include="..\..\casm\x86-call.cpp">
      <Filter>Source Files\casm</Filter>
    </ClCompile>
    <ClCompile Include="..\..\casm\x86-bit-test.cpp">
      <Filter>Source Files\casm</Filter>
    </ClCompile>
    <ClCompile Include="..\..\casm\x86-bit-scan.cpp">
      <Filter>Source Files\casm</Filter>
    </ClCompile>
    <ClCompile Include="..\..\casm\x86-alu-xchg.cpp">
      <Filter>Source Files\casm</Filter>
    </ClCompile>
    <ClCompile Include="..\..\casm\x86-alu-shift.cpp">
      <Filter>Source Files\casm</Filter>
    </ClCompile>
    <ClCompile Include="..\..\casm\x86-alu-setcc.cpp">
      <Filter>Source Files\casm</Filter>
    </ClCompile>
    <ClCompile Include="..\..\casm\x86-alu-incr.cpp">
      <Filter>Source Files\casm</Filter>
    </ClCompile>
    <ClCompile Include="..\..\casm\x86-alu-div.cpp">
      <Filter>Source Files\casm</Filter>
    </ClCompile>
    <ClCompile Include="..\..\casm\x86-alu-cmov.cpp">
      <Filter>Source Files\casm</Filter>
    </ClCompile>
    <ClCompile Include="..\..\casm\x86-alu-bswap.cpp">
      <Filter>Source Files\casm</Filter>
    </ClCompile>
    <ClCompile Include="..\..\casm\x86-alu-ascii.cpp">
      <Filter>Source Files\casm</Filter>
    </ClCompile>
    <ClCompile Include="..\..\casm\x86-add-variant.cpp">
      <Filter>Source Files\casm</Filter>
    </ClCompile>
    <ClCompile Include="..\..\casm\symbol-ref.cpp">
      <Filter>Source Files\casm</Filter>
    </ClCompile>
    <ClCompile Include="..\..\casm\symbol.cpp">
      <Filter>Source Files\casm</Filter>
    </ClCompile>
    <ClCompile Include="..\..\casm\sse-sign-mask.cpp">
      <Filter>Source Files\casm</Filter>
    </ClCompile>
    <ClCompile Include="..\..\casm\sse-instruction.cpp">
      <Filter>Source Files\casm</Filter>
    </ClCompile>
    <ClCompile Include="..\..\casm\sse-compare.cpp">
      <Filter>Source Files\casm</Filter>
    </ClCompile>
    <ClCompile Include="..\..\casm\relocation-data.cpp">
      <Filter>Source Files\casm</Filter>
    </ClCompile>
    <ClCompile Include="..\..\casm\program-builder.cpp">
      <Filter>Source Files\casm</Filter>
    </ClCompile>
    <ClCompile Include="..\..\casm\program.cpp">
      <Filter>Source Files\casm</Filter>
    </ClCompile>
    <ClCompile Include="..\..\casm\parser-uint64.cpp">
      <Filter>Source Files\casm</Filter>
    </ClCompile>
    <ClCompile Include="..\..\casm\parser-state.cpp">
      <Filter>Source Files\casm</Filter>
    </ClCompile>
    <ClCompile Include="..\..\casm\parser-register.cpp">
      <Filter>Source Files\casm</Filter>
    </ClCompile>
    <ClCompile Include="..\..\casm\parser-op-sub.cpp">
      <Filter>Source Files\casm</Filter>
    </ClCompile>
    <ClCompile Include="..\..\casm\parser-op-size.cpp">
      <Filter>Source Files\casm</Filter>
    </ClCompile>
    <ClCompile Include="..\..\casm\parser-op-mul.cpp">
      <Filter>Source Files\casm</Filter>
    </ClCompile>
    <ClCompile Include="..\..\casm\parser-op-func.cpp">
      <Filter>Source Files\casm</Filter>
    </ClCompile>
    <ClCompile Include="..\..\casm\parser-operator.cpp">
      <Filter>Source Files\casm</Filter>
    </ClCompile>
    <ClCompile Include="..\..\casm\parser-op-div.cpp">
      <Filter>Source Files\casm</Filter>
    </ClCompile>
    <ClCompile Include="..\..\casm\parser-opcode.cpp">
      <Filter>Source Files\casm</Filter>
    </ClCompile>
    <ClCompile Include="..\..\casm\parser-op-bracket.cpp">
      <Filter>Source Files\casm</Filter>
    </ClCompile>
    <ClCompile Include="..\..\casm\parser-op-add.cpp">
      <Filter>Source Files\casm</Filter>
    </ClCompile>
    <ClCompile Include="..\..\casm\parser-name.cpp">
      <Filter>Source Files\casm</Filter>
    </ClCompile>
    <ClCompile Include="..\..\casm\parser-memory.cpp">
      <Filter>Source Files\casm</Filter>
    </ClCompile>
    <ClCompile Include="..\..\casm\parser-int64.cpp">
      <Filter>Source Files\casm</Filter>
    </ClCompile>
    <ClCompile Include="..\..\casm\parser-group.cpp">
      <Filter>Source Files\casm</Filter>
    </ClCompile>
    <ClCompile Include="..\..\casm\parser-float.cpp">
      <Filter>Source Files\casm</Filter>
    </ClCompile>
    <ClCompile Include="..\..\casm\parser-context.cpp">
      <Filter>Source Files\casm</Filter>
    </ClCompile>
    <ClCompile Include="..\..\casm\parser-c-function.cpp">
      <Filter>Source Files\casm</Filter>
    </ClCompile>
    <ClCompile Include="..\..\casm\parser.cpp">
      <Filter>Source Files\casm</Filter>
    </ClCompile>
    <ClCompile Include="..\..\casm\opcode-prefix.cpp">
      <Filter>Source Files\casm</Filter>
    </ClCompile>
    <ClCompile Include="..\..\casm\object-code.cpp">
      <Filter>Source Files\casm</Filter>
    </ClCompile>
    <ClCompile Include="..\..\casm\linker.cpp">
      <Filter>Source Files\casm</Filter>
    </ClCompile>
    <ClCompile Include="..\..\casm\keyword-group.cpp">
      <Filter>Source Files\casm</Filter>
    </ClCompile>
    <ClCompile Include="..\..\casm\hex-dump.cpp">
      <Filter>Source Files\casm</Filter>
    </ClCompile>
    <ClCompile Include="..\..\casm\executable.cpp">
      <Filter>Source Files\casm</Filter>
    </ClCompile>
    <ClCompile Include="..\..\casm\encode-data.cpp">
      <Filter>Source Files\casm</Filter>
    </ClCompile>
    <ClCompile Include="..\..\casm\data-descriptor.cpp">
      <Filter>Source Files\casm</Filter>
    </ClCompile>
    <ClCompile Include="..\..\casm\condition-jump.cpp">
      <Filter>Source Files\casm</Filter>
    </ClCompile>
    <ClCompile Include="..\..\casm\code-label.cpp">
      <Filter>Source Files\casm</Filter>
    </ClCompile>
    <ClCompile Include="..\..\casm\code-generator.cpp">
      <Filter>Source Files\casm</Filter>
    </ClCompile>
    <ClCompile Include="..\..\casm\code-element.cpp">
      <Filter>Source Files\casm</Filter>
    </ClCompile>
    <ClCompile Include="..\..\casm\basic-block.cpp">
      <Filter>Source Files\casm</Filter>
    </ClCompile>
    <ClCompile Include="..\..\casm\assembler.cpp">
      <Filter>Source Files\casm</Filter>
    </ClCompile>
    <ClCompile Include="..\..\casm\x86-push-variant.cpp">
      <Filter>Source Files\casm</Filter>
    </ClCompile>
    <ClCompile Include="..\..\casm\section.cpp">
      <Filter>Source Files\casm</Filter>
    </ClCompile>
    <ClCompile Include="..\..\casm\object-section.cpp">
      <Filter>Source Files\casm</Filter>
    </ClCompile>
  </ItemGroup>
  <ItemGroup>
    <ClInclude Include="..\..\casm\enums\address-size.h">
      <Filter>Header Files\casm\enums</Filter>
    </ClInclude>
    <ClInclude Include="..\..\casm\enums\condition-codes.h">
      <Filter>Header Files\casm\enums</Filter>
    </ClInclude>
    <ClInclude Include="..\..\casm\enums\x86-cpu-modes.h">
      <Filter>Header Files\casm\enums</Filter>
    </ClInclude>
    <ClInclude Include="..\..\casm\enums\x86-data-options.h">
      <Filter>Header Files\casm\enums</Filter>
    </ClInclude>
    <ClInclude Include="..\..\casm\enums\x86-instruction-sets.h">
      <Filter>Header Files\casm\enums</Filter>
    </ClInclude>
    <ClInclude Include="..\..\casm\enums\x86-opcode-escape.h">
      <Filter>Header Files\casm\enums</Filter>
    </ClInclude>
    <ClInclude Include="..\..\casm\enums\x86-operand-place.h">
      <Filter>Header Files\casm\enums</Filter>
    </ClInclude>
    <ClInclude Include="..\..\casm\enums\x86-operand-sizes.h">
      <Filter>Header Files\casm\enums</Filter>
    </ClInclude>
    <ClInclude Include="..\..\casm\enums\x86-operand-types.h">
      <Filter>Header Files\casm\enums</Filter>
    </ClInclude>
    <ClInclude Include="..\..\casm\enums\x86-param-list.h">
      <Filter>Header Files\casm\enums</Filter>
    </ClInclude>
    <ClInclude Include="..\..\casm\enums\x86-prefix-bytes.h">
      <Filter>Header Files\casm\enums</Filter>
    </ClInclude>
    <ClInclude Include="..\..\casm\enums\x86-priviledge-levels.h">
      <Filter>Header Files\casm\enums</Filter>
    </ClInclude>
    <ClInclude Include="..\..\casm\enums\x86-register-types.h">
      <Filter>Header Files\casm\enums</Filter>
    </ClInclude>
    <ClInclude Include="..\..\casm\enums\x86-relocation-type.h">
      <Filter>Header Files\casm\enums</Filter>
    </ClInclude>
    <ClInclude Include="..\..\casm\enums\x86-section-type.h">
      <Filter>Header Files\casm\enums</Filter>
    </ClInclude>
    <ClInclude Include="..\..\casm\enums\x86-simd-encoding.h">
      <Filter>Header Files\casm\enums</Filter>
    </ClInclude>
    <ClInclude Include="..\..\casm\enums\x86-symbol-type.h">
      <Filter>Header Files\casm\enums</Filter>
    </ClInclude>
    <ClInclude Include="..\..\casm\enums\x86-vex-w.h">
      <Filter>Header Files\casm\enums</Filter>
    </ClInclude>
    <ClInclude Include="..\..\casm\assembler.h">
      <Filter>Header Files\casm</Filter>
    </ClInclude>
    <ClInclude Include="..\..\casm\basic-block.h">
      <Filter>Header Files\casm</Filter>
    </ClInclude>
    <ClInclude Include="..\..\casm\builder-options.h">
      <Filter>Header Files\casm</Filter>
    </ClInclude>
    <ClInclude Include="..\..\casm\build-params.h">
      <Filter>Header Files\casm</Filter>
    </ClInclude>
    <ClInclude Include="..\..\casm\code-element.h">
      <Filter>Header Files\casm</Filter>
    </ClInclude>
    <ClInclude Include="..\..\casm\code-label.h">
      <Filter>Header Files\casm</Filter>
    </ClInclude>
    <ClInclude Include="..\..\casm\code-line.h">
      <Filter>Header Files\casm</Filter>
    </ClInclude>
    <ClInclude Include="..\..\casm\condition-jump.h">
      <Filter>Header Files\casm</Filter>
    </ClInclude>
    <ClInclude Include="..\..\casm\data-descriptor.h">
      <Filter>Header Files\casm</Filter>
    </ClInclude>
    <ClInclude Include="..\..\casm\data-item.h">
      <Filter>Header Files\casm</Filter>
    </ClInclude>
    <ClInclude Include="..\..\casm\encode-data.h">
      <Filter>Header Files\casm</Filter>
    </ClInclude>
    <ClInclude Include="..\..\casm\executable.h">
      <Filter>Header Files\casm</Filter>
    </ClInclude>
    <ClInclude Include="..\..\casm\hex-dump.h">
      <Filter>Header Files\casm</Filter>
    </ClInclude>
    <ClInclude Include="..\..\casm\initializer.h">
      <Filter>Header Files\casm</Filter>
    </ClInclude>
    <ClInclude Include="..\..\casm\keyword-array.h">
      <Filter>Header Files\casm</Filter>
    </ClInclude>
    <ClInclude Include="..\..\casm\keyword-group.h">
      <Filter>Header Files\casm</Filter>
    </ClInclude>
    <ClInclude Include="..\..\casm\keyword-hash.h">
      <Filter>Header Files\casm</Filter>
    </ClInclude>
    <ClInclude Include="..\..\casm\keyword-map.h">
      <Filter>Header Files\casm</Filter>
    </ClInclude>
    <ClInclude Include="..\..\casm\linker.h">
      <Filter>Header Files\casm</Filter>
    </ClInclude>
    <ClInclude Include="..\..\casm\object-code.h">
      <Filter>Header Files\casm</Filter>
    </ClInclude>
    <ClInclude Include="..\..\casm\opcode-prefix.h">
      <Filter>Header Files\casm</Filter>
    </ClInclude>
    <ClInclude Include="..\..\casm\parser.h">
      <Filter>Header Files\casm</Filter>
    </ClInclude>
    <ClInclude Include="..\..\casm\parser-c-function.h">
      <Filter>Header Files\casm</Filter>
    </ClInclude>
    <ClInclude Include="..\..\casm\parser-c-global.h">
      <Filter>Header Files\casm</Filter>
    </ClInclude>
    <ClInclude Include="..\..\casm\parser-comma.h">
      <Filter>Header Files\casm</Filter>
    </ClInclude>
    <ClInclude Include="..\..\casm\parser-context.h">
      <Filter>Header Files\casm</Filter>
    </ClInclude>
    <ClInclude Include="..\..\casm\parser-endline.h">
      <Filter>Header Files\casm</Filter>
    </ClInclude>
    <ClInclude Include="..\..\casm\parser-float.h">
      <Filter>Header Files\casm</Filter>
    </ClInclude>
    <ClInclude Include="..\..\casm\parser-group.h">
      <Filter>Header Files\casm</Filter>
    </ClInclude>
    <ClInclude Include="..\..\casm\parser-instruction.h">
      <Filter>Header Files\casm</Filter>
    </ClInclude>
    <ClInclude Include="..\..\casm\parser-int64.h">
      <Filter>Header Files\casm</Filter>
    </ClInclude>
    <ClInclude Include="..\..\casm\parser-literal.h">
      <Filter>Header Files\casm</Filter>
    </ClInclude>
    <ClInclude Include="..\..\casm\parser-memory.h">
      <Filter>Header Files\casm</Filter>
    </ClInclude>
    <ClInclude Include="..\..\casm\parser-name.h">
      <Filter>Header Files\casm</Filter>
    </ClInclude>
    <ClInclude Include="..\..\casm\parser-op-add.h">
      <Filter>Header Files\casm</Filter>
    </ClInclude>
    <ClInclude Include="..\..\casm\parser-op-bracket.h">
      <Filter>Header Files\casm</Filter>
    </ClInclude>
    <ClInclude Include="..\..\casm\parser-opcode.h">
      <Filter>Header Files\casm</Filter>
    </ClInclude>
    <ClInclude Include="..\..\casm\parser-op-div.h">
      <Filter>Header Files\casm</Filter>
    </ClInclude>
    <ClInclude Include="..\..\casm\parser-operand.h">
      <Filter>Header Files\casm</Filter>
    </ClInclude>
    <ClInclude Include="..\..\casm\parser-operator.h">
      <Filter>Header Files\casm</Filter>
    </ClInclude>
    <ClInclude Include="..\..\casm\parser-op-func.h">
      <Filter>Header Files\casm</Filter>
    </ClInclude>
    <ClInclude Include="..\..\casm\parser-op-mul.h">
      <Filter>Header Files\casm</Filter>
    </ClInclude>
    <ClInclude Include="..\..\casm\parser-op-size.h">
      <Filter>Header Files\casm</Filter>
    </ClInclude>
    <ClInclude Include="..\..\casm\parser-op-sub.h">
      <Filter>Header Files\casm</Filter>
    </ClInclude>
    <ClInclude Include="..\..\casm\parser-register.h">
      <Filter>Header Files\casm</Filter>
    </ClInclude>
    <ClInclude Include="..\..\casm\parser-state.h">
      <Filter>Header Files\casm</Filter>
    </ClInclude>
    <ClInclude Include="..\..\casm\parser-token.h">
      <Filter>Header Files\casm</Filter>
    </ClInclude>
    <ClInclude Include="..\..\casm\parser-uint64.h">
      <Filter>Header Files\casm</Filter>
    </ClInclude>
    <ClInclude Include="..\..\casm\parser-variable.h">
      <Filter>Header Files\casm</Filter>
    </ClInclude>
    <ClInclude Include="..\..\casm\program.h">
      <Filter>Header Files\casm</Filter>
    </ClInclude>
    <ClInclude Include="..\..\casm\program-builder.h">
      <Filter>Header Files\casm</Filter>
    </ClInclude>
    <ClInclude Include="..\..\casm\relocation-data.h">
      <Filter>Header Files\casm</Filter>
    </ClInclude>
    <ClInclude Include="..\..\casm\sse-compare.h">
      <Filter>Header Files\casm</Filter>
    </ClInclude>
    <ClInclude Include="..\..\casm\sse-instruction.h">
      <Filter>Header Files\casm</Filter>
    </ClInclude>
    <ClInclude Include="..\..\casm\sse-sign-mask.h">
      <Filter>Header Files\casm</Filter>
    </ClInclude>
    <ClInclude Include="..\..\casm\symbol.h">
      <Filter>Header Files\casm</Filter>
    </ClInclude>
    <ClInclude Include="..\..\casm\symbol-ref.h">
      <Filter>Header Files\casm</Filter>
    </ClInclude>
    <ClInclude Include="..\..\casm\x86-add-variant.h">
      <Filter>Header Files\casm</Filter>
    </ClInclude>
    <ClInclude Include="..\..\casm\x86-alu-ascii.h">
      <Filter>Header Files\casm</Filter>
    </ClInclude>
    <ClInclude Include="..\..\casm\x86-alu-bswap.h">
      <Filter>Header Files\casm</Filter>
    </ClInclude>
    <ClInclude Include="..\..\casm\x86-alu-cmov.h">
      <Filter>Header Files\casm</Filter>
    </ClInclude>
    <ClInclude Include="..\..\casm\x86-alu-div.h">
      <Filter>Header Files\casm</Filter>
    </ClInclude>
    <ClInclude Include="..\..\casm\x86-alu-incr.h">
      <Filter>Header Files\casm</Filter>
    </ClInclude>
    <ClInclude Include="..\..\casm\x86-alu-setcc.h">
      <Filter>Header Files\casm</Filter>
    </ClInclude>
    <ClInclude Include="..\..\casm\x86-alu-shift.h">
      <Filter>Header Files\casm</Filter>
    </ClInclude>
    <ClInclude Include="..\..\casm\x86-alu-xchg.h">
      <Filter>Header Files\casm</Filter>
    </ClInclude>
    <ClInclude Include="..\..\casm\x86-bit-scan.h">
      <Filter>Header Files\casm</Filter>
    </ClInclude>
    <ClInclude Include="..\..\casm\x86-bit-test.h">
      <Filter>Header Files\casm</Filter>
    </ClInclude>
    <ClInclude Include="..\..\casm\x86-call.h">
      <Filter>Header Files\casm</Filter>
    </ClInclude>
    <ClInclude Include="..\..\casm\x86-cbw-variant.h">
      <Filter>Header Files\casm</Filter>
    </ClInclude>
    <ClInclude Include="..\..\casm\x86-cond-jump.h">
      <Filter>Header Files\casm</Filter>
    </ClInclude>
    <ClInclude Include="..\..\casm\x86-cpu-mode.h">
      <Filter>Header Files\casm</Filter>
    </ClInclude>
    <ClInclude Include="..\..\casm\x86-enums.h">
      <Filter>Header Files\casm</Filter>
    </ClInclude>
    <ClInclude Include="..\..\casm\x86-fence.h">
      <Filter>Header Files\casm</Filter>
    </ClInclude>
    <ClInclude Include="..\..\casm\x86-immediate-op.h">
      <Filter>Header Files\casm</Filter>
    </ClInclude>
    <ClInclude Include="..\..\casm\x86-instruction.h">
      <Filter>Header Files\casm</Filter>
    </ClInclude>
    <ClInclude Include="..\..\casm\x86-int-simd.h">
      <Filter>Header Files\casm</Filter>
    </ClInclude>
    <ClInclude Include="..\..\casm\x86-memory-op.h">
      <Filter>Header Files\casm</Filter>
    </ClInclude>
    <ClInclude Include="..\..\casm\x86-modrm.h">
      <Filter>Header Files\casm</Filter>
    </ClInclude>
    <ClInclude Include="..\..\casm\x86-move.h">
      <Filter>Header Files\casm</Filter>
    </ClInclude>
    <ClInclude Include="..\..\casm\x86-opcode-map.h">
      <Filter>Header Files\casm</Filter>
    </ClInclude>
    <ClInclude Include="..\..\casm\x86-opcodes-alu.h">
      <Filter>Header Files\casm</Filter>
    </ClInclude>
    <ClInclude Include="..\..\casm\x86-opcodes-avx.h">
      <Filter>Header Files\casm</Filter>
    </ClInclude>
    <ClInclude Include="..\..\casm\x86-opcodes-avx2.h">
      <Filter>Header Files\casm</Filter>
    </ClInclude>
    <ClInclude Include="..\..\casm\x86-opcodes-sse.h">
      <Filter>Header Files\casm</Filter>
    </ClInclude>
    <ClInclude Include="..\..\casm\x86-opcodes-sse2.h">
      <Filter>Header Files\casm</Filter>
    </ClInclude>
    <ClInclude Include="..\..\casm\x86-opcodes-sse3.h">
      <Filter>Header Files\casm</Filter>
    </ClInclude>
    <ClInclude Include="..\..\casm\x86-opcodes-sse41.h">
      <Filter>Header Files\casm</Filter>
    </ClInclude>
    <ClInclude Include="..\..\casm\x86-operand.h">
      <Filter>Header Files\casm</Filter>
    </ClInclude>
    <ClInclude Include="..\..\casm\x86-register-map.h">
      <Filter>Header Files\casm</Filter>
    </ClInclude>
    <ClInclude Include="..\..\casm\x86-register-op.h">
      <Filter>Header Files\casm</Filter>
    </ClInclude>
    <ClInclude Include="..\..\casm\x86-regs-alu.h">
      <Filter>Header Files\casm</Filter>
    </ClInclude>
    <ClInclude Include="..\..\casm\x86-regs-alu-adr.h">
      <Filter>Header Files\casm</Filter>
    </ClInclude>
    <ClInclude Include="..\..\casm\x86-regs-alu-cl.h">
      <Filter>Header Files\casm</Filter>
    </ClInclude>
    <ClInclude Include="..\..\casm\x86-regs-simd.h">
      <Filter>Header Files\casm</Filter>
    </ClInclude>
    <ClInclude Include="..\..\casm\x86-return.h">
      <Filter>Header Files\casm</Filter>
    </ClInclude>
    <ClInclude Include="..\..\casm\x86-rex-byte.h">
      <Filter>Header Files\casm</Filter>
    </ClInclude>
    <ClInclude Include="..\..\casm\x86-sib.h">
      <Filter>Header Files\casm</Filter>
    </ClInclude>
    <ClInclude Include="..\..\casm\x86-simple-instruction.h">
      <Filter>Header Files\casm</Filter>
    </ClInclude>
    <ClInclude Include="..\..\casm\x86-two-form-alu.h">
      <Filter>Header Files\casm</Filter>
    </ClInclude>
    <ClInclude Include="..\..\casm\x86-vex-prefix.h">
      <Filter>Header Files\casm</Filter>
    </ClInclude>
    <ClInclude Include="..\..\casm\x86-wide-shift.h">
      <Filter>Header Files\casm</Filter>
    </ClInclude>
    <ClInclude Include="..\..\casm\x86-xsave.h">
      <Filter>Header Files\casm</Filter>
    </ClInclude>
    <ClInclude Include="..\..\casm\x86-push-variant.h">
      <Filter>Header Files\casm</Filter>
    </ClInclude>
    <ClInclude Include="..\..\casm\extern-symbol.h">
      <Filter>Header Files\casm</Filter>
    </ClInclude>
    <ClInclude Include="..\..\casm\enums\reference-type.h">
      <Filter>Header Files\casm\enums</Filter>
    </ClInclude>
    <ClInclude Include="..\..\casm\enums\section-options.h">
      <Filter>Header Files\casm\enums</Filter>
    </ClInclude>
    <ClInclude Include="..\..\casm\section.h">
      <Filter>Header Files\casm</Filter>
    </ClInclude>
    <ClInclude Include="..\..\casm\object-section.h">
      <Filter>Header Files\casm</Filter>
    </ClInclude>
  </ItemGroup>
</Project>